
Microsoft Visual Studio Solution File, Format Version 12.00
# Visual Studio Version 16
VisualStudioVersion = 16.0.31205.134
MinimumVisualStudioVersion = 10.0.40219.1
Project("{FAE04EC0-301F-11D3-BF4B-00C04F79EFBC}") = "ExampleHttp", "ExampleHttp.csproj", "{5528A167-7720-4D19-9406-3367984E643E}"
EndProject
Global
	GlobalSection(SolutionConfigurationPlatforms) = preSolution
		Debug|Any CPU = Debug|Any CPU
		Release|Any CPU = Release|Any CPU
	EndGlobalSection
	GlobalSection(ProjectConfigurationPlatforms) = postSolution
		{5528A167-7720-4D19-9406-3367984E643E}.Debug|Any CPU.ActiveCfg = Debug|Any CPU
		{5528A167-7720-4D19-9406-3367984E643E}.Debug|Any CPU.Build.0 = Debug|Any CPU
		{5528A167-7720-4D19-9406-3367984E643E}.Release|Any CPU.ActiveCfg = Release|Any CPU
		{5528A167-7720-4D19-9406-3367984E643E}.Release|Any CPU.Build.0 = Release|Any CPU
	EndGlobalSection
	GlobalSection(SolutionProperties) = preSolution
		HideSolutionNode = FALSE
	EndGlobalSection
	GlobalSection(ExtensibilityGlobals) = postSolution
		SolutionGuid = {EBFF97CE-21C7-483C-A863-18D5214BD0A8}
	EndGlobalSection
EndGlobal
