
Microsoft Visual Studio Solution File, Format Version 12.00
# Visual Studio Version 16
VisualStudioVersion = 16.0.30204.135
MinimumVisualStudioVersion = 10.0.40219.1
Project("{FAE04EC0-301F-11D3-BF4B-00C04F79EFBC}") = "App2.Android", "App2.Android\App2.Android.csproj", "{312F8DFB-B31F-4D45-A5F0-9B030BBB870F}"
EndProject
Project("{FAE04EC0-301F-11D3-BF4B-00C04F79EFBC}") = "App2.iOS", "App2.iOS\App2.iOS.csproj", "{206B3F86-3142-4A31-8B22-2F1E5B9B18AD}"
EndProject
Project("{FAE04EC0-301F-11D3-BF4B-00C04F79EFBC}") = "App2", "App2\App2.csproj", "{03505029-F510-4CB8-A8AA-78DE2A8EF9E1}"
EndProject
Global
	GlobalSection(SolutionConfigurationPlatforms) = preSolution
		Debug|Any CPU = Debug|Any CPU
		Debug|iPhone = Debug|iPhone
		Debug|iPhoneSimulator = Debug|iPhoneSimulator
		Release|Any CPU = Release|Any CPU
		Release|iPhone = Release|iPhone
		Release|iPhoneSimulator = Release|iPhoneSimulator
	EndGlobalSection
	GlobalSection(ProjectConfigurationPlatforms) = postSolution
		{312F8DFB-B31F-4D45-A5F0-9B030BBB870F}.Debug|Any CPU.ActiveCfg = Debug|Any CPU
		{312F8DFB-B31F-4D45-A5F0-9B030BBB870F}.Debug|Any CPU.Build.0 = Debug|Any CPU
		{312F8DFB-B31F-4D45-A5F0-9B030BBB870F}.Debug|Any CPU.Deploy.0 = Debug|Any CPU
		{312F8DFB-B31F-4D45-A5F0-9B030BBB870F}.Debug|iPhone.ActiveCfg = Debug|Any CPU
		{312F8DFB-B31F-4D45-A5F0-9B030BBB870F}.Debug|iPhone.Build.0 = Debug|Any CPU
		{312F8DFB-B31F-4D45-A5F0-9B030BBB870F}.Debug|iPhone.Deploy.0 = Debug|Any CPU
		{312F8DFB-B31F-4D45-A5F0-9B030BBB870F}.Debug|iPhoneSimulator.ActiveCfg = Debug|Any CPU
		{312F8DFB-B31F-4D45-A5F0-9B030BBB870F}.Debug|iPhoneSimulator.Build.0 = Debug|Any CPU
		{312F8DFB-B31F-4D45-A5F0-9B030BBB870F}.Debug|iPhoneSimulator.Deploy.0 = Debug|Any CPU
		{312F8DFB-B31F-4D45-A5F0-9B030BBB870F}.Release|Any CPU.ActiveCfg = Release|Any CPU
		{312F8DFB-B31F-4D45-A5F0-9B030BBB870F}.Release|Any CPU.Build.0 = Release|Any CPU
		{312F8DFB-B31F-4D45-A5F0-9B030BBB870F}.Release|Any CPU.Deploy.0 = Release|Any CPU
		{312F8DFB-B31F-4D45-A5F0-9B030BBB870F}.Release|iPhone.ActiveCfg = Release|Any CPU
		{312F8DFB-B31F-4D45-A5F0-9B030BBB870F}.Release|iPhone.Build.0 = Release|Any CPU
		{312F8DFB-B31F-4D45-A5F0-9B030BBB870F}.Release|iPhone.Deploy.0 = Release|Any CPU
		{312F8DFB-B31F-4D45-A5F0-9B030BBB870F}.Release|iPhoneSimulator.ActiveCfg = Release|Any CPU
		{312F8DFB-B31F-4D45-A5F0-9B030BBB870F}.Release|iPhoneSimulator.Build.0 = Release|Any CPU
		{312F8DFB-B31F-4D45-A5F0-9B030BBB870F}.Release|iPhoneSimulator.Deploy.0 = Release|Any CPU
		{206B3F86-3142-4A31-8B22-2F1E5B9B18AD}.Debug|Any CPU.ActiveCfg = Debug|iPhone
		{206B3F86-3142-4A31-8B22-2F1E5B9B18AD}.Debug|Any CPU.Build.0 = Debug|iPhone
		{206B3F86-3142-4A31-8B22-2F1E5B9B18AD}.Debug|Any CPU.Deploy.0 = Debug|iPhone
		{206B3F86-3142-4A31-8B22-2F1E5B9B18AD}.Debug|iPhone.ActiveCfg = Debug|iPhone
		{206B3F86-3142-4A31-8B22-2F1E5B9B18AD}.Debug|iPhone.Build.0 = Debug|iPhone
		{206B3F86-3142-4A31-8B22-2F1E5B9B18AD}.Debug|iPhone.Deploy.0 = Debug|iPhone
		{206B3F86-3142-4A31-8B22-2F1E5B9B18AD}.Debug|iPhoneSimulator.ActiveCfg = Debug|iPhoneSimulator
		{206B3F86-3142-4A31-8B22-2F1E5B9B18AD}.Debug|iPhoneSimulator.Build.0 = Debug|iPhoneSimulator
		{206B3F86-3142-4A31-8B22-2F1E5B9B18AD}.Debug|iPhoneSimulator.Deploy.0 = Debug|iPhoneSimulator
		{206B3F86-3142-4A31-8B22-2F1E5B9B18AD}.Release|Any CPU.ActiveCfg = Release|iPhone
		{206B3F86-3142-4A31-8B22-2F1E5B9B18AD}.Release|Any CPU.Build.0 = Release|iPhone
		{206B3F86-3142-4A31-8B22-2F1E5B9B18AD}.Release|Any CPU.Deploy.0 = Release|iPhone
		{206B3F86-3142-4A31-8B22-2F1E5B9B18AD}.Release|iPhone.ActiveCfg = Release|iPhone
		{206B3F86-3142-4A31-8B22-2F1E5B9B18AD}.Release|iPhone.Build.0 = Release|iPhone
		{206B3F86-3142-4A31-8B22-2F1E5B9B18AD}.Release|iPhone.Deploy.0 = Release|iPhone
		{206B3F86-3142-4A31-8B22-2F1E5B9B18AD}.Release|iPhoneSimulator.ActiveCfg = Release|iPhoneSimulator
		{206B3F86-3142-4A31-8B22-2F1E5B9B18AD}.Release|iPhoneSimulator.Build.0 = Release|iPhoneSimulator
		{206B3F86-3142-4A31-8B22-2F1E5B9B18AD}.Release|iPhoneSimulator.Deploy.0 = Release|iPhoneSimulator
		{03505029-F510-4CB8-A8AA-78DE2A8EF9E1}.Debug|Any CPU.ActiveCfg = Debug|Any CPU
		{03505029-F510-4CB8-A8AA-78DE2A8EF9E1}.Debug|Any CPU.Build.0 = Debug|Any CPU
		{03505029-F510-4CB8-A8AA-78DE2A8EF9E1}.Debug|Any CPU.Deploy.0 = Debug|Any CPU
		{03505029-F510-4CB8-A8AA-78DE2A8EF9E1}.Debug|iPhone.ActiveCfg = Debug|Any CPU
		{03505029-F510-4CB8-A8AA-78DE2A8EF9E1}.Debug|iPhone.Build.0 = Debug|Any CPU
		{03505029-F510-4CB8-A8AA-78DE2A8EF9E1}.Debug|iPhone.Deploy.0 = Debug|Any CPU
		{03505029-F510-4CB8-A8AA-78DE2A8EF9E1}.Debug|iPhoneSimulator.ActiveCfg = Debug|Any CPU
		{03505029-F510-4CB8-A8AA-78DE2A8EF9E1}.Debug|iPhoneSimulator.Build.0 = Debug|Any CPU
		{03505029-F510-4CB8-A8AA-78DE2A8EF9E1}.Debug|iPhoneSimulator.Deploy.0 = Debug|Any CPU
		{03505029-F510-4CB8-A8AA-78DE2A8EF9E1}.Release|Any CPU.ActiveCfg = Release|Any CPU
		{03505029-F510-4CB8-A8AA-78DE2A8EF9E1}.Release|Any CPU.Build.0 = Release|Any CPU
		{03505029-F510-4CB8-A8AA-78DE2A8EF9E1}.Release|Any CPU.Deploy.0 = Release|Any CPU
		{03505029-F510-4CB8-A8AA-78DE2A8EF9E1}.Release|iPhone.ActiveCfg = Release|Any CPU
		{03505029-F510-4CB8-A8AA-78DE2A8EF9E1}.Release|iPhone.Build.0 = Release|Any CPU
		{03505029-F510-4CB8-A8AA-78DE2A8EF9E1}.Release|iPhone.Deploy.0 = Release|Any CPU
		{03505029-F510-4CB8-A8AA-78DE2A8EF9E1}.Release|iPhoneSimulator.ActiveCfg = Release|Any CPU
		{03505029-F510-4CB8-A8AA-78DE2A8EF9E1}.Release|iPhoneSimulator.Build.0 = Release|Any CPU
		{03505029-F510-4CB8-A8AA-78DE2A8EF9E1}.Release|iPhoneSimulator.Deploy.0 = Release|Any CPU
	EndGlobalSection
	GlobalSection(SolutionProperties) = preSolution
		HideSolutionNode = FALSE
	EndGlobalSection
	GlobalSection(ExtensibilityGlobals) = postSolution
		SolutionGuid = {FBC8F2EF-9699-4115-BD46-86200CF57201}
	EndGlobalSection
EndGlobal
